
Microsoft Visual Studio Solution File, Format Version 12.00
# Visual Studio Version 17
VisualStudioVersion = 17.1.32210.238
MinimumVisualStudioVersion = 10.0.40219.1
Project("{FAE04EC0-301F-11D3-BF4B-00C04F79EFBC}") = "LocationRetrieve", "LocationRetrieve\LocationRetrieve.csproj", "{5FE62359-37AA-4697-A980-7BC0303EC97A}"
EndProject
Global
	GlobalSection(SolutionConfigurationPlatforms) = preSolution
		Debug|Any CPU = Debug|Any CPU
		Release|Any CPU = Release|Any CPU
	EndGlobalSection
	GlobalSection(ProjectConfigurationPlatforms) = postSolution
		{5FE62359-37AA-4697-A980-7BC0303EC97A}.Debug|Any CPU.ActiveCfg = Debug|Any CPU
		{5FE62359-37AA-4697-A980-7BC0303EC97A}.Debug|Any CPU.Build.0 = Debug|Any CPU
		{5FE62359-37AA-4697-A980-7BC0303EC97A}.Release|Any CPU.ActiveCfg = Release|Any CPU
		{5FE62359-37AA-4697-A980-7BC0303EC97A}.Release|Any CPU.Build.0 = Release|Any CPU
	EndGlobalSection
	GlobalSection(SolutionProperties) = preSolution
		HideSolutionNode = FALSE
	EndGlobalSection
	GlobalSection(ExtensibilityGlobals) = postSolution
		SolutionGuid = {84F91220-FAD9-4BA2-895C-24479D033A99}
	EndGlobalSection
EndGlobal
